
Microsoft Visual Studio Solution File, Format Version 12.00
# Visual Studio 2013
VisualStudioVersion = 12.0.31101.0
MinimumVisualStudioVersion = 10.0.40219.1
Project("{8BC9CEB8-8B4A-11D0-8D11-00A0C91BC942}") = "控制台 磁盘驱动", "控制台 磁盘驱动\控制台 磁盘驱动.vcxproj", "{E486A250-1430-4A8E-8070-47A265936060}"
EndProject
Global
	GlobalSection(SolutionConfigurationPlatforms) = preSolution
		Debug|Win32 = Debug|Win32
		Release|Win32 = Release|Win32
	EndGlobalSection
	GlobalSection(ProjectConfigurationPlatforms) = postSolution
		{E486A250-1430-4A8E-8070-47A265936060}.Debug|Win32.ActiveCfg = Debug|Win32
		{E486A250-1430-4A8E-8070-47A265936060}.Debug|Win32.Build.0 = Debug|Win32
		{E486A250-1430-4A8E-8070-47A265936060}.Release|Win32.ActiveCfg = Release|Win32
		{E486A250-1430-4A8E-8070-47A265936060}.Release|Win32.Build.0 = Release|Win32
	EndGlobalSection
	GlobalSection(SolutionProperties) = preSolution
		HideSolutionNode = FALSE
	EndGlobalSection
EndGlobal
