
Microsoft Visual Studio Solution File, Format Version 12.00
# Visual Studio 14
VisualStudioVersion = 14.0.24720.0
MinimumVisualStudioVersion = 10.0.40219.1
Project("{8BC9CEB8-8B4A-11D0-8D11-00A0C91BC942}") = "7_01_迷宫地图", "7_01_迷宫地图\7_01_迷宫地图.vcxproj", "{F3364B59-47EA-4625-9070-2D8EBD523CE5}"
EndProject
Project("{8BC9CEB8-8B4A-11D0-8D11-00A0C91BC942}") = "7_02_会移动的物体", "7_02_会移动的物体\7_02_会移动的物体.vcxproj", "{F3118CC0-244C-4B7C-9DA4-730E35347A6E}"
EndProject
Project("{8BC9CEB8-8B4A-11D0-8D11-00A0C91BC942}") = "7_03_密码本1", "7_03_密码本1\7_03_密码本1.vcxproj", "{65C80158-1983-4B5A-87CA-92F6D63F9FBB}"
EndProject
Project("{8BC9CEB8-8B4A-11D0-8D11-00A0C91BC942}") = "7_04_密码本", "7_04_密码本\7_04_密码本.vcxproj", "{6E9DAE20-6C2E-4FC4-9706-3F986E85AAC4}"
EndProject
Global
	GlobalSection(SolutionConfigurationPlatforms) = preSolution
		Debug|x64 = Debug|x64
		Debug|x86 = Debug|x86
		Release|x64 = Release|x64
		Release|x86 = Release|x86
	EndGlobalSection
	GlobalSection(ProjectConfigurationPlatforms) = postSolution
		{F3364B59-47EA-4625-9070-2D8EBD523CE5}.Debug|x64.ActiveCfg = Debug|x64
		{F3364B59-47EA-4625-9070-2D8EBD523CE5}.Debug|x64.Build.0 = Debug|x64
		{F3364B59-47EA-4625-9070-2D8EBD523CE5}.Debug|x86.ActiveCfg = Debug|Win32
		{F3364B59-47EA-4625-9070-2D8EBD523CE5}.Debug|x86.Build.0 = Debug|Win32
		{F3364B59-47EA-4625-9070-2D8EBD523CE5}.Release|x64.ActiveCfg = Release|x64
		{F3364B59-47EA-4625-9070-2D8EBD523CE5}.Release|x64.Build.0 = Release|x64
		{F3364B59-47EA-4625-9070-2D8EBD523CE5}.Release|x86.ActiveCfg = Release|Win32
		{F3364B59-47EA-4625-9070-2D8EBD523CE5}.Release|x86.Build.0 = Release|Win32
		{F3118CC0-244C-4B7C-9DA4-730E35347A6E}.Debug|x64.ActiveCfg = Debug|x64
		{F3118CC0-244C-4B7C-9DA4-730E35347A6E}.Debug|x64.Build.0 = Debug|x64
		{F3118CC0-244C-4B7C-9DA4-730E35347A6E}.Debug|x86.ActiveCfg = Debug|Win32
		{F3118CC0-244C-4B7C-9DA4-730E35347A6E}.Debug|x86.Build.0 = Debug|Win32
		{F3118CC0-244C-4B7C-9DA4-730E35347A6E}.Release|x64.ActiveCfg = Release|x64
		{F3118CC0-244C-4B7C-9DA4-730E35347A6E}.Release|x64.Build.0 = Release|x64
		{F3118CC0-244C-4B7C-9DA4-730E35347A6E}.Release|x86.ActiveCfg = Release|Win32
		{F3118CC0-244C-4B7C-9DA4-730E35347A6E}.Release|x86.Build.0 = Release|Win32
		{65C80158-1983-4B5A-87CA-92F6D63F9FBB}.Debug|x64.ActiveCfg = Debug|x64
		{65C80158-1983-4B5A-87CA-92F6D63F9FBB}.Debug|x64.Build.0 = Debug|x64
		{65C80158-1983-4B5A-87CA-92F6D63F9FBB}.Debug|x86.ActiveCfg = Debug|Win32
		{65C80158-1983-4B5A-87CA-92F6D63F9FBB}.Debug|x86.Build.0 = Debug|Win32
		{65C80158-1983-4B5A-87CA-92F6D63F9FBB}.Release|x64.ActiveCfg = Release|x64
		{65C80158-1983-4B5A-87CA-92F6D63F9FBB}.Release|x64.Build.0 = Release|x64
		{65C80158-1983-4B5A-87CA-92F6D63F9FBB}.Release|x86.ActiveCfg = Release|Win32
		{65C80158-1983-4B5A-87CA-92F6D63F9FBB}.Release|x86.Build.0 = Release|Win32
		{6E9DAE20-6C2E-4FC4-9706-3F986E85AAC4}.Debug|x64.ActiveCfg = Debug|x64
		{6E9DAE20-6C2E-4FC4-9706-3F986E85AAC4}.Debug|x64.Build.0 = Debug|x64
		{6E9DAE20-6C2E-4FC4-9706-3F986E85AAC4}.Debug|x86.ActiveCfg = Debug|Win32
		{6E9DAE20-6C2E-4FC4-9706-3F986E85AAC4}.Debug|x86.Build.0 = Debug|Win32
		{6E9DAE20-6C2E-4FC4-9706-3F986E85AAC4}.Release|x64.ActiveCfg = Release|x64
		{6E9DAE20-6C2E-4FC4-9706-3F986E85AAC4}.Release|x64.Build.0 = Release|x64
		{6E9DAE20-6C2E-4FC4-9706-3F986E85AAC4}.Release|x86.ActiveCfg = Release|Win32
		{6E9DAE20-6C2E-4FC4-9706-3F986E85AAC4}.Release|x86.Build.0 = Release|Win32
	EndGlobalSection
	GlobalSection(SolutionProperties) = preSolution
		HideSolutionNode = FALSE
	EndGlobalSection
EndGlobal
