<?xml version="1.0" encoding="utf-8"?>
<Project ToolsVersion="4.0" xmlns="http://schemas.microsoft.com/developer/msbuild/2003">
  <ItemGroup>
    <Filter Include="源文件">
      <UniqueIdentifier>{4FC737F1-C7A5-4376-A066-2A32D752A2FF}</UniqueIdentifier>
      <Extensions>cpp;c;cc;cxx;def;odl;idl;hpj;bat;asm;asmx</Extensions>
    </Filter>
    <Filter Include="头文件">
      <UniqueIdentifier>{93995380-89BD-4b04-88EB-625FBE52EBFB}</UniqueIdentifier>
      <Extensions>h;hh;hpp;hxx;hm;inl;inc;xsd</Extensions>
    </Filter>
    <Filter Include="资源文件">
      <UniqueIdentifier>{67DA6AB6-F800-4c08-8B7A-83BB121AAD01}</UniqueIdentifier>
      <Extensions>rc;ico;cur;bmp;dlg;rc2;rct;bin;rgs;gif;jpg;jpeg;jpe;resx;tiff;tif;png;wav;mfcribbon-ms</Extensions>
    </Filter>
    <Filter Include="源文件\菜单">
      <UniqueIdentifier>{efba7e8c-a1e1-4304-9c18-7b8815edd6cf}</UniqueIdentifier>
    </Filter>
    <Filter Include="源文件\地图绘制">
      <UniqueIdentifier>{4e936a0f-242d-4758-9a05-8241b0721b06}</UniqueIdentifier>
    </Filter>
    <Filter Include="源文件\地图编辑器">
      <UniqueIdentifier>{c9eedffc-5c29-4a0a-b64e-fd028348663a}</UniqueIdentifier>
    </Filter>
    <Filter Include="源文件\ASTAR">
      <UniqueIdentifier>{1983bc39-666f-4840-a693-6cfcc058e02d}</UniqueIdentifier>
    </Filter>
  </ItemGroup>
  <ItemGroup>
    <Text Include="ReadMe.txt" />
  </ItemGroup>
  <ItemGroup>
    <ClInclude Include="stdafx.h">
      <Filter>头文件</Filter>
    </ClInclude>
    <ClInclude Include="targetver.h">
      <Filter>头文件</Filter>
    </ClInclude>
    <ClInclude Include="menu.h">
      <Filter>源文件\菜单</Filter>
    </ClInclude>
    <ClInclude Include="map.h">
      <Filter>源文件</Filter>
    </ClInclude>
    <ClInclude Include="Data.h">
      <Filter>源文件</Filter>
    </ClInclude>
    <ClInclude Include="Ceditmap.h">
      <Filter>源文件\地图编辑器</Filter>
    </ClInclude>
    <ClInclude Include="AASART.h">
      <Filter>源文件\ASTAR</Filter>
    </ClInclude>
    <ClInclude Include="Cgame.h">
      <Filter>头文件</Filter>
    </ClInclude>
    <ClInclude Include="Cbuff.h">
      <Filter>头文件</Filter>
    </ClInclude>
  </ItemGroup>
  <ItemGroup>
    <ClCompile Include="stdafx.cpp">
      <Filter>源文件</Filter>
    </ClCompile>
    <ClCompile Include="坦克大战面对对象.cpp">
      <Filter>源文件</Filter>
    </ClCompile>
    <ClCompile Include="menu.cpp">
      <Filter>源文件\菜单</Filter>
    </ClCompile>
    <ClCompile Include="map.cpp">
      <Filter>源文件</Filter>
    </ClCompile>
    <ClCompile Include="Data.cpp">
      <Filter>源文件</Filter>
    </ClCompile>
    <ClCompile Include="Ceditmap.cpp">
      <Filter>源文件\地图编辑器</Filter>
    </ClCompile>
    <ClCompile Include="AASART.cpp">
      <Filter>源文件\ASTAR</Filter>
    </ClCompile>
    <ClCompile Include="Cbuff.cpp">
      <Filter>源文件</Filter>
    </ClCompile>
  </ItemGroup>
  <ItemGroup>
    <None Include="ClassDiagram.cd" />
  </ItemGroup>
</Project>