
Microsoft Visual Studio Solution File, Format Version 12.00
# Visual Studio 14
VisualStudioVersion = 14.0.24720.0
MinimumVisualStudioVersion = 10.0.40219.1
Project("{8BC9CEB8-8B4A-11D0-8D11-00A0C91BC942}") = "12_01_标准输入输出的简单使用", "12_01_标准输入输出的简单使用\12_01_标准输入输出的简单使用.vcxproj", "{497C9D8B-AD80-4587-8384-EF675AAC3D1D}"
EndProject
Project("{8BC9CEB8-8B4A-11D0-8D11-00A0C91BC942}") = "12_02_格式控制", "12_02_格式控制\12_02_格式控制.vcxproj", "{7C1DD4C5-A920-4FCA-B897-C0555D28C6A8}"
EndProject
Project("{8BC9CEB8-8B4A-11D0-8D11-00A0C91BC942}") = "12_03_文件操作", "12_03_文件操作\12_03_文件操作.vcxproj", "{5123A411-DFDD-4A47-8CBE-D18D2CAEDBD4}"
EndProject
Project("{8BC9CEB8-8B4A-11D0-8D11-00A0C91BC942}") = "12_04_文件操作示例", "12_04_文件操作示例\12_04_文件操作示例.vcxproj", "{AE258118-24DE-4498-B37C-44EBBB1A56A3}"
EndProject
Project("{8BC9CEB8-8B4A-11D0-8D11-00A0C91BC942}") = "12_05_函数模板", "12_05_函数模板\12_05_函数模板.vcxproj", "{A1814A5C-CAE0-448D-9469-5AF508E86905}"
EndProject
Project("{8BC9CEB8-8B4A-11D0-8D11-00A0C91BC942}") = "12_06_模板特化", "12_06_模板特化\12_06_模板特化.vcxproj", "{6B6D740E-68E5-46AA-93FE-3324D6F326BF}"
EndProject
Project("{8BC9CEB8-8B4A-11D0-8D11-00A0C91BC942}") = "12_07_模板的匹配优先级问题", "12_07_模板的匹配优先级问题\12_07_模板的匹配优先级问题.vcxproj", "{36B31E50-7EA3-4D2C-BD28-FF920181AE4B}"
EndProject
Project("{8BC9CEB8-8B4A-11D0-8D11-00A0C91BC942}") = "12_08_类模板", "12_08_类模板\12_08_类模板.vcxproj", "{BDEB141D-3B4C-448D-8821-AAABE5F55B68}"
EndProject
Project("{8BC9CEB8-8B4A-11D0-8D11-00A0C91BC942}") = "12_09_命名空间", "12_09_命名空间\12_09_命名空间.vcxproj", "{F3DF7033-09BF-4AD9-8A77-AF9F56494DEA}"
EndProject
Project("{8BC9CEB8-8B4A-11D0-8D11-00A0C91BC942}") = "12_10_异常处理", "12_10_异常处理\12_10_异常处理.vcxproj", "{CC7526F4-11E5-45E2-B38A-900C0A0A604C}"
EndProject
Global
	GlobalSection(SolutionConfigurationPlatforms) = preSolution
		Debug|x64 = Debug|x64
		Debug|x86 = Debug|x86
		Release|x64 = Release|x64
		Release|x86 = Release|x86
	EndGlobalSection
	GlobalSection(ProjectConfigurationPlatforms) = postSolution
		{497C9D8B-AD80-4587-8384-EF675AAC3D1D}.Debug|x64.ActiveCfg = Debug|x64
		{497C9D8B-AD80-4587-8384-EF675AAC3D1D}.Debug|x64.Build.0 = Debug|x64
		{497C9D8B-AD80-4587-8384-EF675AAC3D1D}.Debug|x86.ActiveCfg = Debug|Win32
		{497C9D8B-AD80-4587-8384-EF675AAC3D1D}.Debug|x86.Build.0 = Debug|Win32
		{497C9D8B-AD80-4587-8384-EF675AAC3D1D}.Release|x64.ActiveCfg = Release|x64
		{497C9D8B-AD80-4587-8384-EF675AAC3D1D}.Release|x64.Build.0 = Release|x64
		{497C9D8B-AD80-4587-8384-EF675AAC3D1D}.Release|x86.ActiveCfg = Release|Win32
		{497C9D8B-AD80-4587-8384-EF675AAC3D1D}.Release|x86.Build.0 = Release|Win32
		{7C1DD4C5-A920-4FCA-B897-C0555D28C6A8}.Debug|x64.ActiveCfg = Debug|x64
		{7C1DD4C5-A920-4FCA-B897-C0555D28C6A8}.Debug|x64.Build.0 = Debug|x64
		{7C1DD4C5-A920-4FCA-B897-C0555D28C6A8}.Debug|x86.ActiveCfg = Debug|Win32
		{7C1DD4C5-A920-4FCA-B897-C0555D28C6A8}.Debug|x86.Build.0 = Debug|Win32
		{7C1DD4C5-A920-4FCA-B897-C0555D28C6A8}.Release|x64.ActiveCfg = Release|x64
		{7C1DD4C5-A920-4FCA-B897-C0555D28C6A8}.Release|x64.Build.0 = Release|x64
		{7C1DD4C5-A920-4FCA-B897-C0555D28C6A8}.Release|x86.ActiveCfg = Release|Win32
		{7C1DD4C5-A920-4FCA-B897-C0555D28C6A8}.Release|x86.Build.0 = Release|Win32
		{5123A411-DFDD-4A47-8CBE-D18D2CAEDBD4}.Debug|x64.ActiveCfg = Debug|x64
		{5123A411-DFDD-4A47-8CBE-D18D2CAEDBD4}.Debug|x64.Build.0 = Debug|x64
		{5123A411-DFDD-4A47-8CBE-D18D2CAEDBD4}.Debug|x86.ActiveCfg = Debug|Win32
		{5123A411-DFDD-4A47-8CBE-D18D2CAEDBD4}.Debug|x86.Build.0 = Debug|Win32
		{5123A411-DFDD-4A47-8CBE-D18D2CAEDBD4}.Release|x64.ActiveCfg = Release|x64
		{5123A411-DFDD-4A47-8CBE-D18D2CAEDBD4}.Release|x64.Build.0 = Release|x64
		{5123A411-DFDD-4A47-8CBE-D18D2CAEDBD4}.Release|x86.ActiveCfg = Release|Win32
		{5123A411-DFDD-4A47-8CBE-D18D2CAEDBD4}.Release|x86.Build.0 = Release|Win32
		{AE258118-24DE-4498-B37C-44EBBB1A56A3}.Debug|x64.ActiveCfg = Debug|x64
		{AE258118-24DE-4498-B37C-44EBBB1A56A3}.Debug|x64.Build.0 = Debug|x64
		{AE258118-24DE-4498-B37C-44EBBB1A56A3}.Debug|x86.ActiveCfg = Debug|Win32
		{AE258118-24DE-4498-B37C-44EBBB1A56A3}.Debug|x86.Build.0 = Debug|Win32
		{AE258118-24DE-4498-B37C-44EBBB1A56A3}.Release|x64.ActiveCfg = Release|x64
		{AE258118-24DE-4498-B37C-44EBBB1A56A3}.Release|x64.Build.0 = Release|x64
		{AE258118-24DE-4498-B37C-44EBBB1A56A3}.Release|x86.ActiveCfg = Release|Win32
		{AE258118-24DE-4498-B37C-44EBBB1A56A3}.Release|x86.Build.0 = Release|Win32
		{A1814A5C-CAE0-448D-9469-5AF508E86905}.Debug|x64.ActiveCfg = Debug|x64
		{A1814A5C-CAE0-448D-9469-5AF508E86905}.Debug|x64.Build.0 = Debug|x64
		{A1814A5C-CAE0-448D-9469-5AF508E86905}.Debug|x86.ActiveCfg = Debug|Win32
		{A1814A5C-CAE0-448D-9469-5AF508E86905}.Debug|x86.Build.0 = Debug|Win32
		{A1814A5C-CAE0-448D-9469-5AF508E86905}.Release|x64.ActiveCfg = Release|x64
		{A1814A5C-CAE0-448D-9469-5AF508E86905}.Release|x64.Build.0 = Release|x64
		{A1814A5C-CAE0-448D-9469-5AF508E86905}.Release|x86.ActiveCfg = Release|Win32
		{A1814A5C-CAE0-448D-9469-5AF508E86905}.Release|x86.Build.0 = Release|Win32
		{6B6D740E-68E5-46AA-93FE-3324D6F326BF}.Debug|x64.ActiveCfg = Debug|x64
		{6B6D740E-68E5-46AA-93FE-3324D6F326BF}.Debug|x64.Build.0 = Debug|x64
		{6B6D740E-68E5-46AA-93FE-3324D6F326BF}.Debug|x86.ActiveCfg = Debug|Win32
		{6B6D740E-68E5-46AA-93FE-3324D6F326BF}.Debug|x86.Build.0 = Debug|Win32
		{6B6D740E-68E5-46AA-93FE-3324D6F326BF}.Release|x64.ActiveCfg = Release|x64
		{6B6D740E-68E5-46AA-93FE-3324D6F326BF}.Release|x64.Build.0 = Release|x64
		{6B6D740E-68E5-46AA-93FE-3324D6F326BF}.Release|x86.ActiveCfg = Release|Win32
		{6B6D740E-68E5-46AA-93FE-3324D6F326BF}.Release|x86.Build.0 = Release|Win32
		{36B31E50-7EA3-4D2C-BD28-FF920181AE4B}.Debug|x64.ActiveCfg = Debug|x64
		{36B31E50-7EA3-4D2C-BD28-FF920181AE4B}.Debug|x64.Build.0 = Debug|x64
		{36B31E50-7EA3-4D2C-BD28-FF920181AE4B}.Debug|x86.ActiveCfg = Debug|Win32
		{36B31E50-7EA3-4D2C-BD28-FF920181AE4B}.Debug|x86.Build.0 = Debug|Win32
		{36B31E50-7EA3-4D2C-BD28-FF920181AE4B}.Release|x64.ActiveCfg = Release|x64
		{36B31E50-7EA3-4D2C-BD28-FF920181AE4B}.Release|x64.Build.0 = Release|x64
		{36B31E50-7EA3-4D2C-BD28-FF920181AE4B}.Release|x86.ActiveCfg = Release|Win32
		{36B31E50-7EA3-4D2C-BD28-FF920181AE4B}.Release|x86.Build.0 = Release|Win32
		{BDEB141D-3B4C-448D-8821-AAABE5F55B68}.Debug|x64.ActiveCfg = Debug|x64
		{BDEB141D-3B4C-448D-8821-AAABE5F55B68}.Debug|x64.Build.0 = Debug|x64
		{BDEB141D-3B4C-448D-8821-AAABE5F55B68}.Debug|x86.ActiveCfg = Debug|Win32
		{BDEB141D-3B4C-448D-8821-AAABE5F55B68}.Debug|x86.Build.0 = Debug|Win32
		{BDEB141D-3B4C-448D-8821-AAABE5F55B68}.Release|x64.ActiveCfg = Release|x64
		{BDEB141D-3B4C-448D-8821-AAABE5F55B68}.Release|x64.Build.0 = Release|x64
		{BDEB141D-3B4C-448D-8821-AAABE5F55B68}.Release|x86.ActiveCfg = Release|Win32
		{BDEB141D-3B4C-448D-8821-AAABE5F55B68}.Release|x86.Build.0 = Release|Win32
		{F3DF7033-09BF-4AD9-8A77-AF9F56494DEA}.Debug|x64.ActiveCfg = Debug|x64
		{F3DF7033-09BF-4AD9-8A77-AF9F56494DEA}.Debug|x64.Build.0 = Debug|x64
		{F3DF7033-09BF-4AD9-8A77-AF9F56494DEA}.Debug|x86.ActiveCfg = Debug|Win32
		{F3DF7033-09BF-4AD9-8A77-AF9F56494DEA}.Debug|x86.Build.0 = Debug|Win32
		{F3DF7033-09BF-4AD9-8A77-AF9F56494DEA}.Release|x64.ActiveCfg = Release|x64
		{F3DF7033-09BF-4AD9-8A77-AF9F56494DEA}.Release|x64.Build.0 = Release|x64
		{F3DF7033-09BF-4AD9-8A77-AF9F56494DEA}.Release|x86.ActiveCfg = Release|Win32
		{F3DF7033-09BF-4AD9-8A77-AF9F56494DEA}.Release|x86.Build.0 = Release|Win32
		{CC7526F4-11E5-45E2-B38A-900C0A0A604C}.Debug|x64.ActiveCfg = Debug|x64
		{CC7526F4-11E5-45E2-B38A-900C0A0A604C}.Debug|x64.Build.0 = Debug|x64
		{CC7526F4-11E5-45E2-B38A-900C0A0A604C}.Debug|x86.ActiveCfg = Debug|Win32
		{CC7526F4-11E5-45E2-B38A-900C0A0A604C}.Debug|x86.Build.0 = Debug|Win32
		{CC7526F4-11E5-45E2-B38A-900C0A0A604C}.Release|x64.ActiveCfg = Release|x64
		{CC7526F4-11E5-45E2-B38A-900C0A0A604C}.Release|x64.Build.0 = Release|x64
		{CC7526F4-11E5-45E2-B38A-900C0A0A604C}.Release|x86.ActiveCfg = Release|Win32
		{CC7526F4-11E5-45E2-B38A-900C0A0A604C}.Release|x86.Build.0 = Release|Win32
	EndGlobalSection
	GlobalSection(SolutionProperties) = preSolution
		HideSolutionNode = FALSE
	EndGlobalSection
EndGlobal
