
Microsoft Visual Studio Solution File, Format Version 12.00
# Visual Studio 2013
VisualStudioVersion = 12.0.31101.0
MinimumVisualStudioVersion = 10.0.40219.1
Project("{8BC9CEB8-8B4A-11D0-8D11-00A0C91BC942}") = "逆向入门-函数调用方式", "逆向入门-函数调用方式\逆向入门-函数调用方式.vcxproj", "{BE3D21E6-14B0-4188-8BBF-D7D928A2CBE8}"
EndProject
Project("{8BC9CEB8-8B4A-11D0-8D11-00A0C91BC942}") = "逆向入门-定位核心代码示例", "逆向入门-定位核心代码示例\逆向入门-定位核心代码示例.vcxproj", "{8868F22F-54FA-422B-8371-835877452876}"
EndProject
Project("{8BC9CEB8-8B4A-11D0-8D11-00A0C91BC942}") = "DEBUG", "DEBUG\DEBUG.vcxproj", "{50A33AB4-C5FF-44EF-B3A6-902D340FB574}"
EndProject
Project("{8BC9CEB8-8B4A-11D0-8D11-00A0C91BC942}") = "de1", "de1\de1.vcxproj", "{3223BE94-44EE-4432-851E-DE36C671DF50}"
EndProject
Global
	GlobalSection(SolutionConfigurationPlatforms) = preSolution
		Debug|Win32 = Debug|Win32
		Debug|x64 = Debug|x64
		Release|Win32 = Release|Win32
		Release|x64 = Release|x64
	EndGlobalSection
	GlobalSection(ProjectConfigurationPlatforms) = postSolution
		{BE3D21E6-14B0-4188-8BBF-D7D928A2CBE8}.Debug|Win32.ActiveCfg = Debug|Win32
		{BE3D21E6-14B0-4188-8BBF-D7D928A2CBE8}.Debug|Win32.Build.0 = Debug|Win32
		{BE3D21E6-14B0-4188-8BBF-D7D928A2CBE8}.Debug|x64.ActiveCfg = Debug|x64
		{BE3D21E6-14B0-4188-8BBF-D7D928A2CBE8}.Debug|x64.Build.0 = Debug|x64
		{BE3D21E6-14B0-4188-8BBF-D7D928A2CBE8}.Release|Win32.ActiveCfg = Release|Win32
		{BE3D21E6-14B0-4188-8BBF-D7D928A2CBE8}.Release|Win32.Build.0 = Release|Win32
		{BE3D21E6-14B0-4188-8BBF-D7D928A2CBE8}.Release|x64.ActiveCfg = Release|x64
		{BE3D21E6-14B0-4188-8BBF-D7D928A2CBE8}.Release|x64.Build.0 = Release|x64
		{8868F22F-54FA-422B-8371-835877452876}.Debug|Win32.ActiveCfg = Debug|Win32
		{8868F22F-54FA-422B-8371-835877452876}.Debug|Win32.Build.0 = Debug|Win32
		{8868F22F-54FA-422B-8371-835877452876}.Debug|x64.ActiveCfg = Debug|Win32
		{8868F22F-54FA-422B-8371-835877452876}.Release|Win32.ActiveCfg = Release|Win32
		{8868F22F-54FA-422B-8371-835877452876}.Release|Win32.Build.0 = Release|Win32
		{8868F22F-54FA-422B-8371-835877452876}.Release|x64.ActiveCfg = Release|Win32
		{50A33AB4-C5FF-44EF-B3A6-902D340FB574}.Debug|Win32.ActiveCfg = Debug|Win32
		{50A33AB4-C5FF-44EF-B3A6-902D340FB574}.Debug|Win32.Build.0 = Debug|Win32
		{50A33AB4-C5FF-44EF-B3A6-902D340FB574}.Debug|x64.ActiveCfg = Debug|Win32
		{50A33AB4-C5FF-44EF-B3A6-902D340FB574}.Release|Win32.ActiveCfg = Release|Win32
		{50A33AB4-C5FF-44EF-B3A6-902D340FB574}.Release|Win32.Build.0 = Release|Win32
		{50A33AB4-C5FF-44EF-B3A6-902D340FB574}.Release|x64.ActiveCfg = Release|Win32
		{3223BE94-44EE-4432-851E-DE36C671DF50}.Debug|Win32.ActiveCfg = Debug|Win32
		{3223BE94-44EE-4432-851E-DE36C671DF50}.Debug|Win32.Build.0 = Debug|Win32
		{3223BE94-44EE-4432-851E-DE36C671DF50}.Debug|x64.ActiveCfg = Debug|Win32
		{3223BE94-44EE-4432-851E-DE36C671DF50}.Release|Win32.ActiveCfg = Release|Win32
		{3223BE94-44EE-4432-851E-DE36C671DF50}.Release|Win32.Build.0 = Release|Win32
		{3223BE94-44EE-4432-851E-DE36C671DF50}.Release|x64.ActiveCfg = Release|Win32
	EndGlobalSection
	GlobalSection(SolutionProperties) = preSolution
		HideSolutionNode = FALSE
	EndGlobalSection
EndGlobal
