
Microsoft Visual Studio Solution File, Format Version 12.00
# Visual Studio 2013
VisualStudioVersion = 12.0.31101.0
MinimumVisualStudioVersion = 10.0.40219.1
Project("{8BC9CEB8-8B4A-11D0-8D11-00A0C91BC942}") = "Project1", "Project1\Project1.vcxproj", "{9C4DD81C-BD86-4C44-88C1-084B978045FC}"
EndProject
Project("{8BC9CEB8-8B4A-11D0-8D11-00A0C91BC942}") = "ConsoleApplication1", "ConsoleApplication1\ConsoleApplication1.vcxproj", "{843A9F36-4CF6-4F01-947E-625A645EA41A}"
EndProject
Global
	GlobalSection(SolutionConfigurationPlatforms) = preSolution
		Debug|Win32 = Debug|Win32
		Release|Win32 = Release|Win32
	EndGlobalSection
	GlobalSection(ProjectConfigurationPlatforms) = postSolution
		{9C4DD81C-BD86-4C44-88C1-084B978045FC}.Debug|Win32.ActiveCfg = Debug|Win32
		{9C4DD81C-BD86-4C44-88C1-084B978045FC}.Debug|Win32.Build.0 = Debug|Win32
		{9C4DD81C-BD86-4C44-88C1-084B978045FC}.Release|Win32.ActiveCfg = Release|Win32
		{9C4DD81C-BD86-4C44-88C1-084B978045FC}.Release|Win32.Build.0 = Release|Win32
		{843A9F36-4CF6-4F01-947E-625A645EA41A}.Debug|Win32.ActiveCfg = Debug|Win32
		{843A9F36-4CF6-4F01-947E-625A645EA41A}.Debug|Win32.Build.0 = Debug|Win32
		{843A9F36-4CF6-4F01-947E-625A645EA41A}.Release|Win32.ActiveCfg = Release|Win32
		{843A9F36-4CF6-4F01-947E-625A645EA41A}.Release|Win32.Build.0 = Release|Win32
	EndGlobalSection
	GlobalSection(SolutionProperties) = preSolution
		HideSolutionNode = FALSE
	EndGlobalSection
EndGlobal
