
Microsoft Visual Studio Solution File, Format Version 12.00
# Visual Studio 2013
VisualStudioVersion = 12.0.31101.0
MinimumVisualStudioVersion = 10.0.40219.1
Project("{8BC9CEB8-8B4A-11D0-8D11-00A0C91BC942}") = "创建DLL", "创建DLL\创建DLL.vcxproj", "{27E37FE3-DB1B-4D9C-9CE9-E7AFECE3EF6E}"
EndProject
Project("{8BC9CEB8-8B4A-11D0-8D11-00A0C91BC942}") = "2012年多线程实例 看不懂", "ConsoleApplication1\ConsoleApplication1.vcxproj", "{75729440-19A8-414E-B966-2F0E846EE4A0}"
EndProject
Project("{8BC9CEB8-8B4A-11D0-8D11-00A0C91BC942}") = "ConsoleApplication2", "ConsoleApplication2\ConsoleApplication2.vcxproj", "{1CF01E5D-E408-4A1B-BE24-C0950D8D8C5B}"
EndProject
Global
	GlobalSection(SolutionConfigurationPlatforms) = preSolution
		Debug|Win32 = Debug|Win32
		Release|Win32 = Release|Win32
	EndGlobalSection
	GlobalSection(ProjectConfigurationPlatforms) = postSolution
		{27E37FE3-DB1B-4D9C-9CE9-E7AFECE3EF6E}.Debug|Win32.ActiveCfg = Debug|Win32
		{27E37FE3-DB1B-4D9C-9CE9-E7AFECE3EF6E}.Debug|Win32.Build.0 = Debug|Win32
		{27E37FE3-DB1B-4D9C-9CE9-E7AFECE3EF6E}.Release|Win32.ActiveCfg = Release|Win32
		{27E37FE3-DB1B-4D9C-9CE9-E7AFECE3EF6E}.Release|Win32.Build.0 = Release|Win32
		{75729440-19A8-414E-B966-2F0E846EE4A0}.Debug|Win32.ActiveCfg = Debug|Win32
		{75729440-19A8-414E-B966-2F0E846EE4A0}.Debug|Win32.Build.0 = Debug|Win32
		{75729440-19A8-414E-B966-2F0E846EE4A0}.Release|Win32.ActiveCfg = Release|Win32
		{75729440-19A8-414E-B966-2F0E846EE4A0}.Release|Win32.Build.0 = Release|Win32
		{1CF01E5D-E408-4A1B-BE24-C0950D8D8C5B}.Debug|Win32.ActiveCfg = Debug|Win32
		{1CF01E5D-E408-4A1B-BE24-C0950D8D8C5B}.Debug|Win32.Build.0 = Debug|Win32
		{1CF01E5D-E408-4A1B-BE24-C0950D8D8C5B}.Release|Win32.ActiveCfg = Release|Win32
		{1CF01E5D-E408-4A1B-BE24-C0950D8D8C5B}.Release|Win32.Build.0 = Release|Win32
	EndGlobalSection
	GlobalSection(SolutionProperties) = preSolution
		HideSolutionNode = FALSE
	EndGlobalSection
EndGlobal
